
Microsoft Visual Studio Solution File, Format Version 12.00
# Visual Studio Version 17
VisualStudioVersion = 17.1.32407.343
MinimumVisualStudioVersion = 10.0.40219.1
Project("{FAE04EC0-301F-11D3-BF4B-00C04F79EFBC}") = "CadastroDeClientes.Domain", "CadastroDeClientes.Domain\CadastroDeClientes.Domain.csproj", "{1FF36352-4865-4FA4-8AE4-93DEB48D933E}"
EndProject
Project("{FAE04EC0-301F-11D3-BF4B-00C04F79EFBC}") = "CadastroDeClientes.Application", "CadastroDeClientes.Application\CadastroDeClientes.Application.csproj", "{633B7185-15A9-49A2-A7E7-D5F8A58D90E7}"
EndProject
Project("{FAE04EC0-301F-11D3-BF4B-00C04F79EFBC}") = "CadastroDeClientes.Infra", "CadastroDeClientes.Infra\CadastroDeClientes.Infra.csproj", "{76379622-2631-4603-B018-8883771CFE50}"
EndProject
Project("{FAE04EC0-301F-11D3-BF4B-00C04F79EFBC}") = "CadastroDeClientes.WebApi", "CadastroDeClientes.WebApi\CadastroDeClientes.WebApi.csproj", "{C0E7F09C-F50C-464B-A076-A55498F63337}"
EndProject
Global
	GlobalSection(SolutionConfigurationPlatforms) = preSolution
		Debug|Any CPU = Debug|Any CPU
		Release|Any CPU = Release|Any CPU
	EndGlobalSection
	GlobalSection(ProjectConfigurationPlatforms) = postSolution
		{1FF36352-4865-4FA4-8AE4-93DEB48D933E}.Debug|Any CPU.ActiveCfg = Debug|Any CPU
		{1FF36352-4865-4FA4-8AE4-93DEB48D933E}.Debug|Any CPU.Build.0 = Debug|Any CPU
		{1FF36352-4865-4FA4-8AE4-93DEB48D933E}.Release|Any CPU.ActiveCfg = Release|Any CPU
		{1FF36352-4865-4FA4-8AE4-93DEB48D933E}.Release|Any CPU.Build.0 = Release|Any CPU
		{633B7185-15A9-49A2-A7E7-D5F8A58D90E7}.Debug|Any CPU.ActiveCfg = Debug|Any CPU
		{633B7185-15A9-49A2-A7E7-D5F8A58D90E7}.Debug|Any CPU.Build.0 = Debug|Any CPU
		{633B7185-15A9-49A2-A7E7-D5F8A58D90E7}.Release|Any CPU.ActiveCfg = Release|Any CPU
		{633B7185-15A9-49A2-A7E7-D5F8A58D90E7}.Release|Any CPU.Build.0 = Release|Any CPU
		{76379622-2631-4603-B018-8883771CFE50}.Debug|Any CPU.ActiveCfg = Debug|Any CPU
		{76379622-2631-4603-B018-8883771CFE50}.Debug|Any CPU.Build.0 = Debug|Any CPU
		{76379622-2631-4603-B018-8883771CFE50}.Release|Any CPU.ActiveCfg = Release|Any CPU
		{76379622-2631-4603-B018-8883771CFE50}.Release|Any CPU.Build.0 = Release|Any CPU
		{C0E7F09C-F50C-464B-A076-A55498F63337}.Debug|Any CPU.ActiveCfg = Debug|Any CPU
		{C0E7F09C-F50C-464B-A076-A55498F63337}.Debug|Any CPU.Build.0 = Debug|Any CPU
		{C0E7F09C-F50C-464B-A076-A55498F63337}.Release|Any CPU.ActiveCfg = Release|Any CPU
		{C0E7F09C-F50C-464B-A076-A55498F63337}.Release|Any CPU.Build.0 = Release|Any CPU
	EndGlobalSection
	GlobalSection(SolutionProperties) = preSolution
		HideSolutionNode = FALSE
	EndGlobalSection
	GlobalSection(ExtensibilityGlobals) = postSolution
		SolutionGuid = {FA5B0241-E5C7-441E-A41C-99C089A68BC0}
	EndGlobalSection
EndGlobal
